
Microsoft Visual Studio Solution File, Format Version 12.00
# Visual Studio Version 17
VisualStudioVersion = 17.3.32811.315
MinimumVisualStudioVersion = 10.0.40219.1
Project("{FAE04EC0-301F-11D3-BF4B-00C04F79EFBC}") = "LineComparison", "LineComparison.csproj", "{B70605FE-200B-443F-97C7-B627C494ADB7}"
EndProject
Global
	GlobalSection(SolutionConfigurationPlatforms) = preSolution
		Debug|Any CPU = Debug|Any CPU
		Release|Any CPU = Release|Any CPU
	EndGlobalSection
	GlobalSection(ProjectConfigurationPlatforms) = postSolution
		{B70605FE-200B-443F-97C7-B627C494ADB7}.Debug|Any CPU.ActiveCfg = Debug|Any CPU
		{B70605FE-200B-443F-97C7-B627C494ADB7}.Debug|Any CPU.Build.0 = Debug|Any CPU
		{B70605FE-200B-443F-97C7-B627C494ADB7}.Release|Any CPU.ActiveCfg = Release|Any CPU
		{B70605FE-200B-443F-97C7-B627C494ADB7}.Release|Any CPU.Build.0 = Release|Any CPU
	EndGlobalSection
	GlobalSection(SolutionProperties) = preSolution
		HideSolutionNode = FALSE
	EndGlobalSection
	GlobalSection(ExtensibilityGlobals) = postSolution
		SolutionGuid = {2A1026BA-ACF3-4BBF-B72A-76EA7F0AB56D}
	EndGlobalSection
EndGlobal
